// !$*UTF8*$!
{
	archiveVersion = 1;
	classes = {
	};
	objectVersion = 48;
	objects = {

/* Begin PBXBuildFile section */
		2F3E0CB2211D68F10009713A /* AppDelegate.m in Sources */ = {isa = PBXBuildFile; fileRef = 2F3E0CB1211D68F10009713A /* AppDelegate.m */; };
		2F3E0CB5211D68F10009713A /* ViewController.m in Sources */ = {isa = PBXBuildFile; fileRef = 2F3E0CB4211D68F10009713A /* ViewController.m */; };
		2F3E0CB8211D68F10009713A /* Main.storyboard in Resources */ = {isa = PBXBuildFile; fileRef = 2F3E0CB6211D68F10009713A /* Main.storyboard */; };
		2F3E0CBB211D68F10009713A /* UNCommond.xcdatamodeld in Sources */ = {isa = PBXBuildFile; fileRef = 2F3E0CB9211D68F10009713A /* UNCommond.xcdatamodeld */; };
		2F3E0CBD211D68F10009713A /* Assets.xcassets in Resources */ = {isa = PBXBuildFile; fileRef = 2F3E0CBC211D68F10009713A /* Assets.xcassets */; };
		2F3E0CC0211D68F10009713A /* LaunchScreen.storyboard in Resources */ = {isa = PBXBuildFile; fileRef = 2F3E0CBE211D68F10009713A /* LaunchScreen.storyboard */; };
		2F3E0CC3211D68F10009713A /* main.m in Sources */ = {isa = PBXBuildFile; fileRef = 2F3E0CC2211D68F10009713A /* main.m */; };
		2F3E0CD8211D68F10009713A /* UNCommondUITests.m in Sources */ = {isa = PBXBuildFile; fileRef = 2F3E0CD7211D68F10009713A /* UNCommondUITests.m */; };
/* End PBXBuildFile section */

/* Begin PBXContainerItemProxy section */
		2F3E0CC9211D68F10009713A /* PBXContainerItemProxy */ = {
			isa = PBXContainerItemProxy;
			containerPortal = 2F3E0CA5211D68F00009713A /* Project object */;
			proxyType = 1;
			remoteGlobalIDString = 2F3E0CAC211D68F10009713A;
			remoteInfo = UNCommond;
		};
		2F3E0CD4211D68F10009713A /* PBXContainerItemProxy */ = {
			isa = PBXContainerItemProxy;
			containerPortal = 2F3E0CA5211D68F00009713A /* Project object */;
			proxyType = 1;
			remoteGlobalIDString = 2F3E0CAC211D68F10009713A;
			remoteInfo = UNCommond;
		};
/* End PBXContainerItemProxy section */

/* Begin PBXFileReference section */
		2F3E0CAD211D68F10009713A /* UNCommond.app */ = {isa = PBXFileReference; explicitFileType = wrapper.application; includeInIndex = 0; path = UNCommond.app; sourceTree = BUILT_PRODUCTS_DIR; };
		2F3E0CB0211D68F10009713A /* AppDelegate.h */ = {isa = PBXFileReference; lastKnownFileType = sourcecode.c.h; path = AppDelegate.h; sourceTree = "<group>"; };
		2F3E0CB1211D68F10009713A /* AppDelegate.m */ = {isa = PBXFileReference; lastKnownFileType = sourcecode.c.objc; path = AppDelegate.m; sourceTree = "<group>"; };
		2F3E0CB3211D68F10009713A /* ViewController.h */ = {isa = PBXFileReference; lastKnownFileType = sourcecode.c.h; path = ViewController.h; sourceTree = "<group>"; };
		2F3E0CB4211D68F10009713A /* ViewController.m */ = {isa = PBXFileReference; lastKnownFileType = sourcecode.c.objc; path = ViewController.m; sourceTree = "<group>"; };
		2F3E0CB7211D68F10009713A /* Base */ = {isa = PBXFileReference; lastKnownFileType = file.storyboard; name = Base; path = Base.lproj/Main.storyboard; sourceTree = "<group>"; };
		2F3E0CBA211D68F10009713A /* UNCommond.xcdatamodel */ = {isa = PBXFileReference; lastKnownFileType = wrapper.xcdatamodel; path = UNCommond.xcdatamodel; sourceTree = "<group>"; };
		2F3E0CBC211D68F10009713A /* Assets.xcassets */ = {isa = PBXFileReference; lastKnownFileType = folder.assetcatalog; path = Assets.xcassets; sourceTree = "<group>"; };
		2F3E0CBF211D68F10009713A /* Base */ = {isa = PBXFileReference; lastKnownFileType = file.storyboard; name = Base; path = Base.lproj/LaunchScreen.storyboard; sourceTree = "<group>"; };
		2F3E0CC1211D68F10009713A /* Info.plist */ = {isa = PBXFileReference; lastKnownFileType = text.plist.xml; path = Info.plist; sourceTree = "<group>"; };
		2F3E0CC2211D68F10009713A /* main.m */ = {isa = PBXFileReference; lastKnownFileType = sourcecode.c.objc; path = main.m; sourceTree = "<group>"; };
		2F3E0CC8211D68F10009713A /* UNCommondTests.xctest */ = {isa = PBXFileReference; explicitFileType = wrapper.cfbundle; includeInIndex = 0; path = UNCommondTests.xctest; sourceTree = BUILT_PRODUCTS_DIR; };
		2F3E0CD3211D68F10009713A /* UNCommondUITests.xctest */ = {isa = PBXFileReference; explicitFileType = wrapper.cfbundle; includeInIndex = 0; path = UNCommondUITests.xctest; sourceTree = BUILT_PRODUCTS_DIR; };
		2F3E0CD7211D68F10009713A /* UNCommondUITests.m */ = {isa = PBXFileReference; lastKnownFileType = sourcecode.c.objc; path = UNCommondUITests.m; sourceTree = "<group>"; };
		2F3E0CD9211D68F10009713A /* Info.plist */ = {isa = PBXFileReference; lastKnownFileType = text.plist.xml; path = Info.plist; sourceTree = "<group>"; };
/* End PBXFileReference section */

/* Begin PBXFrameworksBuildPhase section */
		2F3E0CAA211D68F10009713A /* Frameworks */ = {
			isa = PBXFrameworksBuildPhase;
			buildActionMask = 2147483647;
			files = (
			);
			runOnlyForDeploymentPostprocessing = 0;
		};
		2F3E0CC5211D68F10009713A /* Frameworks */ = {
			isa = PBXFrameworksBuildPhase;
			buildActionMask = 2147483647;
			files = (
			);
			runOnlyForDeploymentPostprocessing = 0;
		};
		2F3E0CD0211D68F10009713A /* Frameworks */ = {
			isa = PBXFrameworksBuildPhase;
			buildActionMask = 2147483647;
			files = (
			);
			runOnlyForDeploymentPostprocessing = 0;
		};
/* End PBXFrameworksBuildPhase section */

/* Begin PBXGroup section */
		2F3E0CA4211D68F00009713A = {
			isa = PBXGroup;
			children = (
				2F3E0CAF211D68F10009713A /* UNCommond */,
				2F3E0CD6211D68F10009713A /* UNCommondUITests */,
				2F3E0CAE211D68F10009713A /* Products */,
			);
			sourceTree = "<group>";
		};
		2F3E0CAE211D68F10009713A /* Products */ = {
			isa = PBXGroup;
			children = (
				2F3E0CAD211D68F10009713A /* UNCommond.app */,
				2F3E0CC8211D68F10009713A /* UNCommondTests.xctest */,
				2F3E0CD3211D68F10009713A /* UNCommondUITests.xctest */,
			);
			name = Products;
			sourceTree = "<group>";
		};
		2F3E0CAF211D68F10009713A /* UNCommond */ = {
			isa = PBXGroup;
			children = (
				2F3E0CB0211D68F10009713A /* AppDelegate.h */,
				2F3E0CB1211D68F10009713A /* AppDelegate.m */,
				2F3E0CB3211D68F10009713A /* ViewController.h */,
				2F3E0CB4211D68F10009713A /* ViewController.m */,
				2F3E0CB6211D68F10009713A /* Main.storyboard */,
				2F3E0CBC211D68F10009713A /* Assets.xcassets */,
				2F3E0CBE211D68F10009713A /* LaunchScreen.storyboard */,
				2F3E0CC1211D68F10009713A /* Info.plist */,
				2F3E0CC2211D68F10009713A /* main.m */,
				2F3E0CB9211D68F10009713A /* UNCommond.xcdatamodeld */,
			);
			path = UNCommond;
			sourceTree = "<group>";
		};
		2F3E0CD6211D68F10009713A /* UNCommondUITests */ = {
			isa = PBXGroup;
			children = (
				2F3E0CD7211D68F10009713A /* UNCommondUITests.m */,
				2F3E0CD9211D68F10009713A /* Info.plist */,
			);
			path = UNCommondUITests;
			sourceTree = "<group>";
		};
/* End PBXGroup section */

/* Begin PBXNativeTarget section */
		2F3E0CAC211D68F10009713A /* UNCommond */ = {
			isa = PBXNativeTarget;
			buildConfigurationList = 2F3E0CDC211D68F10009713A /* Build configuration list for PBXNativeTarget "UNCommond" */;
			buildPhases = (
				2F3E0CA9211D68F10009713A /* Sources */,
				2F3E0CAA211D68F10009713A /* Frameworks */,
				2F3E0CAB211D68F10009713A /* Resources */,
			);
			buildRules = (
			);
			dependencies = (
			);
			name = UNCommond;
			productName = UNCommond;
			productReference = 2F3E0CAD211D68F10009713A /* UNCommond.app */;
			productType = "com.apple.product-type.application";
		};
		2F3E0CC7211D68F10009713A /* UNCommondTests */ = {
			isa = PBXNativeTarget;
			buildConfigurationList = 2F3E0CDF211D68F10009713A /* Build configuration list for PBXNativeTarget "UNCommondTests" */;
			buildPhases = (
				2F3E0CC4211D68F10009713A /* Sources */,
				2F3E0CC5211D68F10009713A /* Frameworks */,
				2F3E0CC6211D68F10009713A /* Resources */,
			);
			buildRules = (
			);
			dependencies = (
				2F3E0CCA211D68F10009713A /* PBXTargetDependency */,
			);
			name = UNCommondTests;
			productName = UNCommondTests;
			productReference = 2F3E0CC8211D68F10009713A /* UNCommondTests.xctest */;
			productType = "com.apple.product-type.bundle.unit-test";
		};
		2F3E0CD2211D68F10009713A /* UNCommondUITests */ = {
			isa = PBXNativeTarget;
			buildConfigurationList = 2F3E0CE2211D68F10009713A /* Build configuration list for PBXNativeTarget "UNCommondUITests" */;
			buildPhases = (
				2F3E0CCF211D68F10009713A /* Sources */,
				2F3E0CD0211D68F10009713A /* Frameworks */,
				2F3E0CD1211D68F10009713A /* Resources */,
			);
			buildRules = (
			);
			dependencies = (
				2F3E0CD5211D68F10009713A /* PBXTargetDependency */,
			);
			name = UNCommondUITests;
			productName = UNCommondUITests;
			productReference = 2F3E0CD3211D68F10009713A /* UNCommondUITests.xctest */;
			productType = "com.apple.product-type.bundle.ui-testing";
		};
/* End PBXNativeTarget section */

/* Begin PBXProject section */
		2F3E0CA5211D68F00009713A /* Project object */ = {
			isa = PBXProject;
			attributes = {
				LastUpgradeCheck = 0920;
				ORGANIZATIONNAME = changxu;
				TargetAttributes = {
					2F3E0CAC211D68F10009713A = {
						CreatedOnToolsVersion = 9.2;
						ProvisioningStyle = Automatic;
					};
					2F3E0CC7211D68F10009713A = {
						CreatedOnToolsVersion = 9.2;
						ProvisioningStyle = Automatic;
						TestTargetID = 2F3E0CAC211D68F10009713A;
					};
					2F3E0CD2211D68F10009713A = {
						CreatedOnToolsVersion = 9.2;
						ProvisioningStyle = Automatic;
						TestTargetID = 2F3E0CAC211D68F10009713A;
					};
				};
			};
			buildConfigurationList = 2F3E0CA8211D68F00009713A /* Build configuration list for PBXProject "UNCommond" */;
			compatibilityVersion = "Xcode 8.0";
			developmentRegion = en;
			hasScannedForEncodings = 0;
			knownRegions = (
				en,
				Base,
			);
			mainGroup = 2F3E0CA4211D68F00009713A;
			productRefGroup = 2F3E0CAE211D68F10009713A /* Products */;
			projectDirPath = "";
			projectRoot = "";
			targets = (
				2F3E0CAC211D68F10009713A /* UNCommond */,
				2F3E0CC7211D68F10009713A /* UNCommondTests */,
				2F3E0CD2211D68F10009713A /* UNCommondUITests */,
			);
		};
/* End PBXProject section */

/* Begin PBXResourcesBuildPhase section */
		2F3E0CAB211D68F10009713A /* Resources */ = {
			isa = PBXResourcesBuildPhase;
			buildActionMask = 2147483647;
			files = (
				2F3E0CC0211D68F10009713A /* LaunchScreen.storyboard in Resources */,
				2F3E0CBD211D68F10009713A /* Assets.xcassets in Resources */,
				2F3E0CB8211D68F10009713A /* Main.storyboard in Resources */,
			);
			runOnlyForDeploymentPostprocessing = 0;
		};
		2F3E0CC6211D68F10009713A /* Resources */ = {
			isa = PBXResourcesBuildPhase;
			buildActionMask = 2147483647;
			files = (
			);
			runOnlyForDeploymentPostprocessing = 0;
		};
		2F3E0CD1211D68F10009713A /* Resources */ = {
			isa = PBXResourcesBuildPhase;
			buildActionMask = 2147483647;
			files = (
			);
			runOnlyForDeploymentPostprocessing = 0;
		};
/* End PBXResourcesBuildPhase section */

/* Begin PBXSourcesBuildPhase section */
		2F3E0CA9211D68F10009713A /* Sources */ = {
			isa = PBXSourcesBuildPhase;
			buildActionMask = 2147483647;
			files = (
				2F3E0CB5211D68F10009713A /* ViewController.m in Sources */,
				2F3E0CBB211D68F10009713A /* UNCommond.xcdatamodeld in Sources */,
				2F3E0CC3211D68F10009713A /* main.m in Sources */,
				2F3E0CB2211D68F10009713A /* AppDelegate.m in Sources */,
			);
			runOnlyForDeploymentPostprocessing = 0;
		};
		2F3E0CC4211D68F10009713A /* Sources */ = {
			isa = PBXSourcesBuildPhase;
			buildActionMask = 2147483647;
			files = (
			);
			runOnlyForDeploymentPostprocessing = 0;
		};
		2F3E0CCF211D68F10009713A /* Sources */ = {
			isa = PBXSourcesBuildPhase;
			buildActionMask = 2147483647;
			files = (
				2F3E0CD8211D68F10009713A /* UNCommondUITests.m in Sources */,
			);
			runOnlyForDeploymentPostprocessing = 0;
		};
/* End PBXSourcesBuildPhase section */

/* Begin PBXTargetDependency section */
		2F3E0CCA211D68F10009713A /* PBXTargetDependency */ = {
			isa = PBXTargetDependency;
			target = 2F3E0CAC211D68F10009713A /* UNCommond */;
			targetProxy = 2F3E0CC9211D68F10009713A /* PBXContainerItemProxy */;
		};
		2F3E0CD5211D68F10009713A /* PBXTargetDependency */ = {
			isa = PBXTargetDependency;
			target = 2F3E0CAC211D68F10009713A /* UNCommond */;
			targetProxy = 2F3E0CD4211D68F10009713A /* PBXContainerItemProxy */;
		};
/* End PBXTargetDependency section */

/* Begin PBXVariantGroup section */
		2F3E0CB6211D68F10009713A /* Main.storyboard */ = {
			isa = PBXVariantGroup;
			children = (
				2F3E0CB7211D68F10009713A /* Base */,
			);
			name = Main.storyboard;
			sourceTree = "<group>";
		};
		2F3E0CBE211D68F10009713A /* LaunchScreen.storyboard */ = {
			isa = PBXVariantGroup;
			children = (
				2F3E0CBF211D68F10009713A /* Base */,
			);
			name = LaunchScreen.storyboard;
			sourceTree = "<group>";
		};
/* End PBXVariantGroup section */

/* Begin XCBuildConfiguration section */
		2F3E0CDA211D68F10009713A /* Debug */ = {
			isa = XCBuildConfiguration;
			buildSettings = {
				ALWAYS_SEARCH_USER_PATHS = NO;
				CLANG_ANALYZER_NONNULL = YES;
				CLANG_ANALYZER_NUMBER_OBJECT_CONVERSION = YES_AGGRESSIVE;
				CLANG_CXX_LANGUAGE_STANDARD = "gnu++14";
				CLANG_CXX_LIBRARY = "libc++";
				CLANG_ENABLE_MODULES = YES;
				CLANG_ENABLE_OBJC_ARC = YES;
				CLANG_WARN_BLOCK_CAPTURE_AUTORELEASING = YES;
				CLANG_WARN_BOOL_CONVERSION = YES;
				CLANG_WARN_COMMA = YES;
				CLANG_WARN_CONSTANT_CONVERSION = YES;
				CLANG_WARN_DIRECT_OBJC_ISA_USAGE = YES_ERROR;
				CLANG_WARN_DOCUMENTATION_COMMENTS = YES;
				CLANG_WARN_EMPTY_BODY = YES;
				CLANG_WARN_ENUM_CONVERSION = YES;
				CLANG_WARN_INFINITE_RECURSION = YES;
				CLANG_WARN_INT_CONVERSION = YES;
				CLANG_WARN_NON_LITERAL_NULL_CONVERSION = YES;
				CLANG_WARN_OBJC_LITERAL_CONVERSION = YES;
				CLANG_WARN_OBJC_ROOT_CLASS = YES_ERROR;
				CLANG_WARN_RANGE_LOOP_ANALYSIS = YES;
				CLANG_WARN_STRICT_PROTOTYPES = YES;
				CLANG_WARN_SUSPICIOUS_MOVE = YES;
				CLANG_WARN_UNGUARDED_AVAILABILITY = YES_AGGRESSIVE;
				CLANG_WARN_UNREACHABLE_CODE = YES;
				CLANG_WARN__DUPLICATE_METHOD_MATCH = YES;
				CODE_SIGN_IDENTITY = "iPhone Developer";
				COPY_PHASE_STRIP = NO;
				DEBUG_INFORMATION_FORMAT = dwarf;
				ENABLE_STRICT_OBJC_MSGSEND = YES;
				ENABLE_TESTABILITY = YES;
				GCC_C_LANGUAGE_STANDARD = gnu11;
				GCC_DYNAMIC_NO_PIC = NO;
				GCC_NO_COMMON_BLOCKS = YES;
				GCC_OPTIMIZATION_LEVEL = 0;
				GCC_PREPROCESSOR_DEFINITIONS = (
					"DEBUG=1",
					"$(inherited)",
				);
				GCC_WARN_64_TO_32_BIT_CONVERSION = YES;
				GCC_WARN_ABOUT_RETURN_TYPE = YES_ERROR;
				GCC_WARN_UNDECLARED_SELECTOR = YES;
				GCC_WARN_UNINITIALIZED_AUTOS = YES_AGGRESSIVE;
				GCC_WARN_UNUSED_FUNCTION = YES;
				GCC_WARN_UNUSED_VARIABLE = YES;
				IPHONEOS_DEPLOYMENT_TARGET = 11.2;
				MTL_ENABLE_DEBUG_INFO = YES;
				ONLY_ACTIVE_ARCH = YES;
				SDKROOT = iphoneos;
			};
			name = Debug;
		};
		2F3E0CDB211D68F10009713A /* Release */ = {
			isa = XCBuildConfiguration;
			buildSettings = {
				ALWAYS_SEARCH_USER_PATHS = NO;
				CLANG_ANALYZER_NONNULL = YES;
				CLANG_ANALYZER_NUMBER_OBJECT_CONVERSION = YES_AGGRESSIVE;
				CLANG_CXX_LANGUAGE_STANDARD = "gnu++14";
				CLANG_CXX_LIBRARY = "libc++";
				CLANG_ENABLE_MODULES = YES;
				CLANG_ENABLE_OBJC_ARC = YES;
				CLANG_WARN_BLOCK_CAPTURE_AUTORELEASING = YES;
				CLANG_WARN_BOOL_CONVERSION = YES;
				CLANG_WARN_COMMA = YES;
				CLANG_WARN_CONSTANT_CONVERSION = YES;
				CLANG_WARN_DIRECT_OBJC_ISA_USAGE = YES_ERROR;
				CLANG_WARN_DOCUMENTATION_COMMENTS = YES;
				CLANG_WARN_EMPTY_BODY = YES;
				CLANG_WARN_ENUM_CONVERSION = YES;
				CLANG_WARN_INFINITE_RECURSION = YES;
				CLANG_WARN_INT_CONVERSION = YES;
				CLANG_WARN_NON_LITERAL_NULL_CONVERSION = YES;
				CLANG_WARN_OBJC_LITERAL_CONVERSION = YES;
				CLANG_WARN_OBJC_ROOT_CLASS = YES_ERROR;
				CLANG_WARN_RANGE_LOOP_ANALYSIS = YES;
				CLANG_WARN_STRICT_PROTOTYPES = YES;
				CLANG_WARN_SUSPICIOUS_MOVE = YES;
				CLANG_WARN_UNGUARDED_AVAILABILITY = YES_AGGRESSIVE;
				CLANG_WARN_UNREACHABLE_CODE = YES;
				CLANG_WARN__DUPLICATE_METHOD_MATCH = YES;
				CODE_SIGN_IDENTITY = "iPhone Developer";
				COPY_PHASE_STRIP = NO;
				DEBUG_INFORMATION_FORMAT = "dwarf-with-dsym";
				ENABLE_NS_ASSERTIONS = NO;
				ENABLE_STRICT_OBJC_MSGSEND = YES;
				GCC_C_LANGUAGE_STANDARD = gnu11;
				GCC_NO_COMMON_BLOCKS = YES;
				GCC_WARN_64_TO_32_BIT_CONVERSION = YES;
				GCC_WARN_ABOUT_RETURN_TYPE = YES_ERROR;
				GCC_WARN_UNDECLARED_SELECTOR = YES;
				GCC_WARN_UNINITIALIZED_AUTOS = YES_AGGRESSIVE;
				GCC_WARN_UNUSED_FUNCTION = YES;
				GCC_WARN_UNUSED_VARIABLE = YES;
				IPHONEOS_DEPLOYMENT_TARGET = 11.2;
				MTL_ENABLE_DEBUG_INFO = NO;
				SDKROOT = iphoneos;
				VALIDATE_PRODUCT = YES;
			};
			name = Release;
		};
		2F3E0CDD211D68F10009713A /* Debug */ = {
			isa = XCBuildConfiguration;
			buildSettings = {
				ASSETCATALOG_COMPILER_APPICON_NAME = AppIcon;
				CODE_SIGN_STYLE = Automatic;
				DEVELOPMENT_TEAM = NNU6Z5592H;
				INFOPLIST_FILE = UNCommond/Info.plist;
				LD_RUNPATH_SEARCH_PATHS = "$(inherited) @executable_path/Frameworks";
				PRODUCT_BUNDLE_IDENTIFIER = com.changxu.UNCommond;
				PRODUCT_NAME = "$(TARGET_NAME)";
				TARGETED_DEVICE_FAMILY = "1,2";
			};
			name = Debug;
		};
		2F3E0CDE211D68F10009713A /* Release */ = {
			isa = XCBuildConfiguration;
			buildSettings = {
				ASSETCATALOG_COMPILER_APPICON_NAME = AppIcon;
				CODE_SIGN_STYLE = Automatic;
				DEVELOPMENT_TEAM = NNU6Z5592H;
				INFOPLIST_FILE = UNCommond/Info.plist;
				LD_RUNPATH_SEARCH_PATHS = "$(inherited) @executable_path/Frameworks";
				PRODUCT_BUNDLE_IDENTIFIER = com.changxu.UNCommond;
				PRODUCT_NAME = "$(TARGET_NAME)";
				TARGETED_DEVICE_FAMILY = "1,2";
			};
			name = Release;
		};
		2F3E0CE0211D68F10009713A /* Debug */ = {
			isa = XCBuildConfiguration;
			buildSettings = {
				BUNDLE_LOADER = "$(TEST_HOST)";
				CODE_SIGN_STYLE = Automatic;
				DEVELOPMENT_TEAM = NNU6Z5592H;
				INFOPLIST_FILE = UNCommondTests/Info.plist;
				LD_RUNPATH_SEARCH_PATHS = "$(inherited) @executable_path/Frameworks @loader_path/Frameworks";
				PRODUCT_BUNDLE_IDENTIFIER = com.changxu.UNCommondTests;
				PRODUCT_NAME = "$(TARGET_NAME)";
				TARGETED_DEVICE_FAMILY = "1,2";
				TEST_HOST = "$(BUILT_PRODUCTS_DIR)/UNCommond.app/UNCommond";
			};
			name = Debug;
		};
		2F3E0CE1211D68F10009713A /* Release */ = {
			isa = XCBuildConfiguration;
			buildSettings = {
				BUNDLE_LOADER = "$(TEST_HOST)";
				CODE_SIGN_STYLE = Automatic;
				DEVELOPMENT_TEAM = NNU6Z5592H;
				INFOPLIST_FILE = UNCommondTests/Info.plist;
				LD_RUNPATH_SEARCH_PATHS = "$(inherited) @executable_path/Frameworks @loader_path/Frameworks";
				PRODUCT_BUNDLE_IDENTIFIER = com.changxu.UNCommondTests;
				PRODUCT_NAME = "$(TARGET_NAME)";
				TARGETED_DEVICE_FAMILY = "1,2";
				TEST_HOST = "$(BUILT_PRODUCTS_DIR)/UNCommond.app/UNCommond";
			};
			name = Release;
		};
		2F3E0CE3211D68F10009713A /* Debug */ = {
			isa = XCBuildConfiguration;
			buildSettings = {
				CODE_SIGN_STYLE = Automatic;
				DEVELOPMENT_TEAM = NNU6Z5592H;
				INFOPLIST_FILE = UNCommondUITests/Info.plist;
				LD_RUNPATH_SEARCH_PATHS = "$(inherited) @executable_path/Frameworks @loader_path/Frameworks";
				PRODUCT_BUNDLE_IDENTIFIER = com.changxu.UNCommondUITests;
				PRODUCT_NAME = "$(TARGET_NAME)";
				TARGETED_DEVICE_FAMILY = "1,2";
				TEST_TARGET_NAME = UNCommond;
			};
			name = Debug;
		};
		2F3E0CE4211D68F10009713A /* Release */ = {
			isa = XCBuildConfiguration;
			buildSettings = {
				CODE_SIGN_STYLE = Automatic;
				DEVELOPMENT_TEAM = NNU6Z5592H;
				INFOPLIST_FILE = UNCommondUITests/Info.plist;
				LD_RUNPATH_SEARCH_PATHS = "$(inherited) @executable_path/Frameworks @loader_path/Frameworks";
				PRODUCT_BUNDLE_IDENTIFIER = com.changxu.UNCommondUITests;
				PRODUCT_NAME = "$(TARGET_NAME)";
				TARGETED_DEVICE_FAMILY = "1,2";
				TEST_TARGET_NAME = UNCommond;
			};
			name = Release;
		};
/* End XCBuildConfiguration section */

/* Begin XCConfigurationList section */
		2F3E0CA8211D68F00009713A /* Build configuration list for PBXProject "UNCommond" */ = {
			isa = XCConfigurationList;
			buildConfigurations = (
				2F3E0CDA211D68F10009713A /* Debug */,
				2F3E0CDB211D68F10009713A /* Release */,
			);
			defaultConfigurationIsVisible = 0;
			defaultConfigurationName = Release;
		};
		2F3E0CDC211D68F10009713A /* Build configuration list for PBXNativeTarget "UNCommond" */ = {
			isa = XCConfigurationList;
			buildConfigurations = (
				2F3E0CDD211D68F10009713A /* Debug */,
				2F3E0CDE211D68F10009713A /* Release */,
			);
			defaultConfigurationIsVisible = 0;
			defaultConfigurationName = Release;
		};
		2F3E0CDF211D68F10009713A /* Build configuration list for PBXNativeTarget "UNCommondTests" */ = {
			isa = XCConfigurationList;
			buildConfigurations = (
				2F3E0CE0211D68F10009713A /* Debug */,
				2F3E0CE1211D68F10009713A /* Release */,
			);
			defaultConfigurationIsVisible = 0;
			defaultConfigurationName = Release;
		};
		2F3E0CE2211D68F10009713A /* Build configuration list for PBXNativeTarget "UNCommondUITests" */ = {
			isa = XCConfigurationList;
			buildConfigurations = (
				2F3E0CE3211D68F10009713A /* Debug */,
				2F3E0CE4211D68F10009713A /* Release */,
			);
			defaultConfigurationIsVisible = 0;
			defaultConfigurationName = Release;
		};
/* End XCConfigurationList section */

/* Begin XCVersionGroup section */
		2F3E0CB9211D68F10009713A /* UNCommond.xcdatamodeld */ = {
			isa = XCVersionGroup;
			children = (
				2F3E0CBA211D68F10009713A /* UNCommond.xcdatamodel */,
			);
			currentVersion = 2F3E0CBA211D68F10009713A /* UNCommond.xcdatamodel */;
			path = UNCommond.xcdatamodeld;
			sourceTree = "<group>";
			versionGroupType = wrapper.xcdatamodel;
		};
/* End XCVersionGroup section */
	};
	rootObject = 2F3E0CA5211D68F00009713A /* Project object */;
}
